
Microsoft Visual Studio Solution File, Format Version 12.00
# Visual Studio 15
VisualStudioVersion = 15.0.28010.2041
MinimumVisualStudioVersion = 10.0.40219.1
Project("{9A19103F-16F7-4668-BE54-9A1E7A4F7556}") = "CodingTest", "CodingTest\CodingTest.csproj", "{DC60DFB9-CC82-4690-B6C9-1DB9850B145D}"
EndProject
Project("{9A19103F-16F7-4668-BE54-9A1E7A4F7556}") = "UnitTestProject", "UnitTestProject\UnitTestProject.csproj", "{CCF7CAB4-247F-43FE-B234-588F3A224736}"
EndProject
Global
	GlobalSection(SolutionConfigurationPlatforms) = preSolution
		Debug|Any CPU = Debug|Any CPU
		Release|Any CPU = Release|Any CPU
	EndGlobalSection
	GlobalSection(ProjectConfigurationPlatforms) = postSolution
		{DC60DFB9-CC82-4690-B6C9-1DB9850B145D}.Debug|Any CPU.ActiveCfg = Debug|Any CPU
		{DC60DFB9-CC82-4690-B6C9-1DB9850B145D}.Debug|Any CPU.Build.0 = Debug|Any CPU
		{DC60DFB9-CC82-4690-B6C9-1DB9850B145D}.Release|Any CPU.ActiveCfg = Release|Any CPU
		{DC60DFB9-CC82-4690-B6C9-1DB9850B145D}.Release|Any CPU.Build.0 = Release|Any CPU
		{CCF7CAB4-247F-43FE-B234-588F3A224736}.Debug|Any CPU.ActiveCfg = Debug|Any CPU
		{CCF7CAB4-247F-43FE-B234-588F3A224736}.Debug|Any CPU.Build.0 = Debug|Any CPU
		{CCF7CAB4-247F-43FE-B234-588F3A224736}.Release|Any CPU.ActiveCfg = Release|Any CPU
		{CCF7CAB4-247F-43FE-B234-588F3A224736}.Release|Any CPU.Build.0 = Release|Any CPU
	EndGlobalSection
	GlobalSection(SolutionProperties) = preSolution
		HideSolutionNode = FALSE
	EndGlobalSection
	GlobalSection(ExtensibilityGlobals) = postSolution
		SolutionGuid = {75E05E29-6E07-4ED4-9AE2-297F6B7650D3}
	EndGlobalSection
EndGlobal
