
Microsoft Visual Studio Solution File, Format Version 12.00
# Visual Studio Version 16
VisualStudioVersion = 16.0.29411.108
MinimumVisualStudioVersion = 10.0.40219.1
Project("{FAE04EC0-301F-11D3-BF4B-00C04F79EFBC}") = "CodilityCS", "CodilityCS\CodilityCS.csproj", "{B717BB12-AA4D-4B2A-A7FC-07DBCD7F58D5}"
EndProject
Global
	GlobalSection(SolutionConfigurationPlatforms) = preSolution
		Debug|Any CPU = Debug|Any CPU
		Release|Any CPU = Release|Any CPU
	EndGlobalSection
	GlobalSection(ProjectConfigurationPlatforms) = postSolution
		{B717BB12-AA4D-4B2A-A7FC-07DBCD7F58D5}.Debug|Any CPU.ActiveCfg = Debug|Any CPU
		{B717BB12-AA4D-4B2A-A7FC-07DBCD7F58D5}.Debug|Any CPU.Build.0 = Debug|Any CPU
		{B717BB12-AA4D-4B2A-A7FC-07DBCD7F58D5}.Release|Any CPU.ActiveCfg = Release|Any CPU
		{B717BB12-AA4D-4B2A-A7FC-07DBCD7F58D5}.Release|Any CPU.Build.0 = Release|Any CPU
	EndGlobalSection
	GlobalSection(SolutionProperties) = preSolution
		HideSolutionNode = FALSE
	EndGlobalSection
	GlobalSection(ExtensibilityGlobals) = postSolution
		SolutionGuid = {39A37F29-FA86-4C92-ADDF-607A819275EB}
	EndGlobalSection
EndGlobal
